// !$*UTF8*$!
{
	archiveVersion = 1;
	classes = {
	};
	objectVersion = 55;
	objects = {

/* Begin PBXBuildFile section */
		D75E6D7D289FF29700F873BD /* OTUSApp.swift in Sources */ = {isa = PBXBuildFile; fileRef = D75E6D7C289FF29700F873BD /* OTUSApp.swift */; };
		D75E6D81289FF29E00F873BD /* Assets.xcassets in Resources */ = {isa = PBXBuildFile; fileRef = D75E6D80289FF29E00F873BD /* Assets.xcassets */; };
		D75E6D84289FF29E00F873BD /* Preview Assets.xcassets in Resources */ = {isa = PBXBuildFile; fileRef = D75E6D83289FF29E00F873BD /* Preview Assets.xcassets */; };
		D75E6D8E289FF29E00F873BD /* OTUSTests.swift in Sources */ = {isa = PBXBuildFile; fileRef = D75E6D8D289FF29E00F873BD /* OTUSTests.swift */; };
		D75E6D98289FF29E00F873BD /* OTUSUITests.swift in Sources */ = {isa = PBXBuildFile; fileRef = D75E6D97289FF29E00F873BD /* OTUSUITests.swift */; };
		D75E6D9A289FF29E00F873BD /* OTUSUITestsLaunchTests.swift in Sources */ = {isa = PBXBuildFile; fileRef = D75E6D99289FF29E00F873BD /* OTUSUITestsLaunchTests.swift */; };
		D75E6DA7289FF64300F873BD /* NewsFeedScreenView.swift in Sources */ = {isa = PBXBuildFile; fileRef = D75E6DA6289FF64300F873BD /* NewsFeedScreenView.swift */; };
		D75E6DAE289FF7CB00F873BD /* DescriptionScreenView.swift in Sources */ = {isa = PBXBuildFile; fileRef = D75E6DAD289FF7CB00F873BD /* DescriptionScreenView.swift */; };
		D75E6DB0289FF81500F873BD /* NewsListView.swift in Sources */ = {isa = PBXBuildFile; fileRef = D75E6DAF289FF81500F873BD /* NewsListView.swift */; };
		D75E6DB2289FF83E00F873BD /* NewsCellView.swift in Sources */ = {isa = PBXBuildFile; fileRef = D75E6DB1289FF83E00F873BD /* NewsCellView.swift */; };
		D75E6DB4289FF86D00F873BD /* NewsScreenView.swift in Sources */ = {isa = PBXBuildFile; fileRef = D75E6DB3289FF86D00F873BD /* NewsScreenView.swift */; };
		D75E6DB6289FF8B200F873BD /* NewsViewModel.swift in Sources */ = {isa = PBXBuildFile; fileRef = D75E6DB5289FF8B200F873BD /* NewsViewModel.swift */; };
		D75E6DB9289FF8DC00F873BD /* mediastack.yaml in Resources */ = {isa = PBXBuildFile; fileRef = D75E6DB7289FF8DB00F873BD /* mediastack.yaml */; };
		D75E6DBA289FF8DC00F873BD /* generate.sh in Resources */ = {isa = PBXBuildFile; fileRef = D75E6DB8289FF8DC00F873BD /* generate.sh */; };
		D75E6DBD289FF92500F873BD /* NavigationContainer.swift in Sources */ = {isa = PBXBuildFile; fileRef = D75E6DBC289FF92500F873BD /* NavigationContainer.swift */; };
		D75E6DBF289FF94300F873BD /* NavigationStack.swift in Sources */ = {isa = PBXBuildFile; fileRef = D75E6DBE289FF94300F873BD /* NavigationStack.swift */; };
		D75E6DC1289FF96300F873BD /* NavigationViewModel.swift in Sources */ = {isa = PBXBuildFile; fileRef = D75E6DC0289FF96300F873BD /* NavigationViewModel.swift */; };
		D75E6DC3289FF98000F873BD /* Screen.swift in Sources */ = {isa = PBXBuildFile; fileRef = D75E6DC2289FF98000F873BD /* Screen.swift */; };
		D75E6DC5289FF9A200F873BD /* View+AnyView.swift in Sources */ = {isa = PBXBuildFile; fileRef = D75E6DC4289FF9A200F873BD /* View+AnyView.swift */; };
		D75E6DC8289FF9C800F873BD /* LoadingProgressView.swift in Sources */ = {isa = PBXBuildFile; fileRef = D75E6DC7289FF9C800F873BD /* LoadingProgressView.swift */; };
		D75E6DCB289FFA0300F873BD /* Collections+Indexes.swift in Sources */ = {isa = PBXBuildFile; fileRef = D75E6DCA289FFA0300F873BD /* Collections+Indexes.swift */; };
		D75E6DCD289FFA2800F873BD /* Model+Identifiable.swift in Sources */ = {isa = PBXBuildFile; fileRef = D75E6DCC289FFA2800F873BD /* Model+Identifiable.swift */; };
		D75E6DCF289FFA5200F873BD /* NewsCell+Loading.swift in Sources */ = {isa = PBXBuildFile; fileRef = D75E6DCE289FFA5200F873BD /* NewsCell+Loading.swift */; };
		D75E6DD2289FFA8200F873BD /* Constants.swift in Sources */ = {isa = PBXBuildFile; fileRef = D75E6DD1289FFA8200F873BD /* Constants.swift */; };
		D75E6DD6289FFD1A00F873BD /* NetworkLayer in Frameworks */ = {isa = PBXBuildFile; productRef = D75E6DD5289FFD1A00F873BD /* NetworkLayer */; };
/* End PBXBuildFile section */

/* Begin PBXContainerItemProxy section */
		D75E6D8A289FF29E00F873BD /* PBXContainerItemProxy */ = {
			isa = PBXContainerItemProxy;
			containerPortal = D75E6D71289FF29700F873BD /* Project object */;
			proxyType = 1;
			remoteGlobalIDString = D75E6D78289FF29700F873BD;
			remoteInfo = OTUS;
		};
		D75E6D94289FF29E00F873BD /* PBXContainerItemProxy */ = {
			isa = PBXContainerItemProxy;
			containerPortal = D75E6D71289FF29700F873BD /* Project object */;
			proxyType = 1;
			remoteGlobalIDString = D75E6D78289FF29700F873BD;
			remoteInfo = OTUS;
		};
/* End PBXContainerItemProxy section */

/* Begin PBXFileReference section */
		D75E6D79289FF29700F873BD /* OTUS.app */ = {isa = PBXFileReference; explicitFileType = wrapper.application; includeInIndex = 0; path = OTUS.app; sourceTree = BUILT_PRODUCTS_DIR; };
		D75E6D7C289FF29700F873BD /* OTUSApp.swift */ = {isa = PBXFileReference; lastKnownFileType = sourcecode.swift; path = OTUSApp.swift; sourceTree = "<group>"; };
		D75E6D80289FF29E00F873BD /* Assets.xcassets */ = {isa = PBXFileReference; lastKnownFileType = folder.assetcatalog; path = Assets.xcassets; sourceTree = "<group>"; };
		D75E6D83289FF29E00F873BD /* Preview Assets.xcassets */ = {isa = PBXFileReference; lastKnownFileType = folder.assetcatalog; path = "Preview Assets.xcassets"; sourceTree = "<group>"; };
		D75E6D89289FF29E00F873BD /* OTUSTests.xctest */ = {isa = PBXFileReference; explicitFileType = wrapper.cfbundle; includeInIndex = 0; path = OTUSTests.xctest; sourceTree = BUILT_PRODUCTS_DIR; };
		D75E6D8D289FF29E00F873BD /* OTUSTests.swift */ = {isa = PBXFileReference; lastKnownFileType = sourcecode.swift; path = OTUSTests.swift; sourceTree = "<group>"; };
		D75E6D93289FF29E00F873BD /* OTUSUITests.xctest */ = {isa = PBXFileReference; explicitFileType = wrapper.cfbundle; includeInIndex = 0; path = OTUSUITests.xctest; sourceTree = BUILT_PRODUCTS_DIR; };
		D75E6D97289FF29E00F873BD /* OTUSUITests.swift */ = {isa = PBXFileReference; lastKnownFileType = sourcecode.swift; path = OTUSUITests.swift; sourceTree = "<group>"; };
		D75E6D99289FF29E00F873BD /* OTUSUITestsLaunchTests.swift */ = {isa = PBXFileReference; lastKnownFileType = sourcecode.swift; path = OTUSUITestsLaunchTests.swift; sourceTree = "<group>"; };
		D75E6DA6289FF64300F873BD /* NewsFeedScreenView.swift */ = {isa = PBXFileReference; lastKnownFileType = sourcecode.swift; path = NewsFeedScreenView.swift; sourceTree = "<group>"; };
		D75E6DA9289FF70C00F873BD /* NetworkLayer */ = {isa = PBXFileReference; lastKnownFileType = wrapper; name = NetworkLayer; path = Packages/NetworkLayer; sourceTree = SOURCE_ROOT; };
		D75E6DAD289FF7CB00F873BD /* DescriptionScreenView.swift */ = {isa = PBXFileReference; lastKnownFileType = sourcecode.swift; path = DescriptionScreenView.swift; sourceTree = "<group>"; };
		D75E6DAF289FF81500F873BD /* NewsListView.swift */ = {isa = PBXFileReference; lastKnownFileType = sourcecode.swift; path = NewsListView.swift; sourceTree = "<group>"; };
		D75E6DB1289FF83E00F873BD /* NewsCellView.swift */ = {isa = PBXFileReference; lastKnownFileType = sourcecode.swift; path = NewsCellView.swift; sourceTree = "<group>"; };
		D75E6DB3289FF86D00F873BD /* NewsScreenView.swift */ = {isa = PBXFileReference; lastKnownFileType = sourcecode.swift; path = NewsScreenView.swift; sourceTree = "<group>"; };
		D75E6DB5289FF8B200F873BD /* NewsViewModel.swift */ = {isa = PBXFileReference; lastKnownFileType = sourcecode.swift; path = NewsViewModel.swift; sourceTree = "<group>"; };
		D75E6DB7289FF8DB00F873BD /* mediastack.yaml */ = {isa = PBXFileReference; fileEncoding = 4; lastKnownFileType = text.yaml; path = mediastack.yaml; sourceTree = SOURCE_ROOT; };
		D75E6DB8289FF8DC00F873BD /* generate.sh */ = {isa = PBXFileReference; fileEncoding = 4; lastKnownFileType = text.script.sh; path = generate.sh; sourceTree = SOURCE_ROOT; };
		D75E6DBC289FF92500F873BD /* NavigationContainer.swift */ = {isa = PBXFileReference; lastKnownFileType = sourcecode.swift; path = NavigationContainer.swift; sourceTree = "<group>"; };
		D75E6DBE289FF94300F873BD /* NavigationStack.swift */ = {isa = PBXFileReference; lastKnownFileType = sourcecode.swift; path = NavigationStack.swift; sourceTree = "<group>"; };
		D75E6DC0289FF96300F873BD /* NavigationViewModel.swift */ = {isa = PBXFileReference; lastKnownFileType = sourcecode.swift; path = NavigationViewModel.swift; sourceTree = "<group>"; };
		D75E6DC2289FF98000F873BD /* Screen.swift */ = {isa = PBXFileReference; lastKnownFileType = sourcecode.swift; path = Screen.swift; sourceTree = "<group>"; };
		D75E6DC4289FF9A200F873BD /* View+AnyView.swift */ = {isa = PBXFileReference; lastKnownFileType = sourcecode.swift; path = "View+AnyView.swift"; sourceTree = "<group>"; };
		D75E6DC7289FF9C800F873BD /* LoadingProgressView.swift */ = {isa = PBXFileReference; lastKnownFileType = sourcecode.swift; path = LoadingProgressView.swift; sourceTree = "<group>"; };
		D75E6DCA289FFA0300F873BD /* Collections+Indexes.swift */ = {isa = PBXFileReference; lastKnownFileType = sourcecode.swift; path = "Collections+Indexes.swift"; sourceTree = "<group>"; };
		D75E6DCC289FFA2800F873BD /* Model+Identifiable.swift */ = {isa = PBXFileReference; lastKnownFileType = sourcecode.swift; path = "Model+Identifiable.swift"; sourceTree = "<group>"; };
		D75E6DCE289FFA5200F873BD /* NewsCell+Loading.swift */ = {isa = PBXFileReference; lastKnownFileType = sourcecode.swift; path = "NewsCell+Loading.swift"; sourceTree = "<group>"; };
		D75E6DD1289FFA8200F873BD /* Constants.swift */ = {isa = PBXFileReference; lastKnownFileType = sourcecode.swift; path = Constants.swift; sourceTree = "<group>"; };
		D75E6DD728A00FBA00F873BD /* Info.plist */ = {isa = PBXFileReference; lastKnownFileType = text.plist; path = Info.plist; sourceTree = "<group>"; };
/* End PBXFileReference section */

/* Begin PBXFrameworksBuildPhase section */
		D75E6D76289FF29700F873BD /* Frameworks */ = {
			isa = PBXFrameworksBuildPhase;
			buildActionMask = 2147483647;
			files = (
				D75E6DD6289FFD1A00F873BD /* NetworkLayer in Frameworks */,
			);
			runOnlyForDeploymentPostprocessing = 0;
		};
		D75E6D86289FF29E00F873BD /* Frameworks */ = {
			isa = PBXFrameworksBuildPhase;
			buildActionMask = 2147483647;
			files = (
			);
			runOnlyForDeploymentPostprocessing = 0;
		};
		D75E6D90289FF29E00F873BD /* Frameworks */ = {
			isa = PBXFrameworksBuildPhase;
			buildActionMask = 2147483647;
			files = (
			);
			runOnlyForDeploymentPostprocessing = 0;
		};
/* End PBXFrameworksBuildPhase section */

/* Begin PBXGroup section */
		D75E6D70289FF29700F873BD = {
			isa = PBXGroup;
			children = (
				D75E6DD3289FFD0000F873BD /* Packages */,
				D75E6D7B289FF29700F873BD /* OTUS */,
				D75E6D8C289FF29E00F873BD /* OTUSTests */,
				D75E6D96289FF29E00F873BD /* OTUSUITests */,
				D75E6D7A289FF29700F873BD /* Products */,
				D75E6DD4289FFD1A00F873BD /* Frameworks */,
			);
			sourceTree = "<group>";
		};
		D75E6D7A289FF29700F873BD /* Products */ = {
			isa = PBXGroup;
			children = (
				D75E6D79289FF29700F873BD /* OTUS.app */,
				D75E6D89289FF29E00F873BD /* OTUSTests.xctest */,
				D75E6D93289FF29E00F873BD /* OTUSUITests.xctest */,
			);
			name = Products;
			sourceTree = "<group>";
		};
		D75E6D7B289FF29700F873BD /* OTUS */ = {
			isa = PBXGroup;
			children = (
				D75E6DD728A00FBA00F873BD /* Info.plist */,
				D75E6DD0289FFA6B00F873BD /* Common */,
				D75E6DC9289FF9D900F873BD /* Extensions */,
				D75E6DC6289FF9AD00F873BD /* Modifiers */,
				D75E6DBB289FF90300F873BD /* NavigationStack */,
				D75E6DB8289FF8DC00F873BD /* generate.sh */,
				D75E6DB7289FF8DB00F873BD /* mediastack.yaml */,
				D75E6DAA289FF78200F873BD /* NewsList */,
				D75E6D7C289FF29700F873BD /* OTUSApp.swift */,
				D75E6DA6289FF64300F873BD /* NewsFeedScreenView.swift */,
				D75E6D80289FF29E00F873BD /* Assets.xcassets */,
				D75E6D82289FF29E00F873BD /* Preview Content */,
			);
			path = OTUS;
			sourceTree = "<group>";
		};
		D75E6D82289FF29E00F873BD /* Preview Content */ = {
			isa = PBXGroup;
			children = (
				D75E6D83289FF29E00F873BD /* Preview Assets.xcassets */,
			);
			path = "Preview Content";
			sourceTree = "<group>";
		};
		D75E6D8C289FF29E00F873BD /* OTUSTests */ = {
			isa = PBXGroup;
			children = (
				D75E6D8D289FF29E00F873BD /* OTUSTests.swift */,
			);
			path = OTUSTests;
			sourceTree = "<group>";
		};
		D75E6D96289FF29E00F873BD /* OTUSUITests */ = {
			isa = PBXGroup;
			children = (
				D75E6D97289FF29E00F873BD /* OTUSUITests.swift */,
				D75E6D99289FF29E00F873BD /* OTUSUITestsLaunchTests.swift */,
			);
			path = OTUSUITests;
			sourceTree = "<group>";
		};
		D75E6DAA289FF78200F873BD /* NewsList */ = {
			isa = PBXGroup;
			children = (
				D75E6DAB289FF78F00F873BD /* Views */,
				D75E6DAC289FF79B00F873BD /* Models */,
			);
			path = NewsList;
			sourceTree = "<group>";
		};
		D75E6DAB289FF78F00F873BD /* Views */ = {
			isa = PBXGroup;
			children = (
				D75E6DAF289FF81500F873BD /* NewsListView.swift */,
				D75E6DB1289FF83E00F873BD /* NewsCellView.swift */,
				D75E6DAD289FF7CB00F873BD /* DescriptionScreenView.swift */,
				D75E6DB3289FF86D00F873BD /* NewsScreenView.swift */,
			);
			path = Views;
			sourceTree = "<group>";
		};
		D75E6DAC289FF79B00F873BD /* Models */ = {
			isa = PBXGroup;
			children = (
				D75E6DB5289FF8B200F873BD /* NewsViewModel.swift */,
			);
			path = Models;
			sourceTree = "<group>";
		};
		D75E6DBB289FF90300F873BD /* NavigationStack */ = {
			isa = PBXGroup;
			children = (
				D75E6DBC289FF92500F873BD /* NavigationContainer.swift */,
				D75E6DBE289FF94300F873BD /* NavigationStack.swift */,
				D75E6DC0289FF96300F873BD /* NavigationViewModel.swift */,
				D75E6DC2289FF98000F873BD /* Screen.swift */,
				D75E6DC4289FF9A200F873BD /* View+AnyView.swift */,
			);
			path = NavigationStack;
			sourceTree = "<group>";
		};
		D75E6DC6289FF9AD00F873BD /* Modifiers */ = {
			isa = PBXGroup;
			children = (
				D75E6DC7289FF9C800F873BD /* LoadingProgressView.swift */,
			);
			path = Modifiers;
			sourceTree = "<group>";
		};
		D75E6DC9289FF9D900F873BD /* Extensions */ = {
			isa = PBXGroup;
			children = (
				D75E6DCA289FFA0300F873BD /* Collections+Indexes.swift */,
				D75E6DCC289FFA2800F873BD /* Model+Identifiable.swift */,
				D75E6DCE289FFA5200F873BD /* NewsCell+Loading.swift */,
			);
			path = Extensions;
			sourceTree = "<group>";
		};
		D75E6DD0289FFA6B00F873BD /* Common */ = {
			isa = PBXGroup;
			children = (
				D75E6DD1289FFA8200F873BD /* Constants.swift */,
			);
			path = Common;
			sourceTree = "<group>";
		};
		D75E6DD3289FFD0000F873BD /* Packages */ = {
			isa = PBXGroup;
			children = (
				D75E6DA9289FF70C00F873BD /* NetworkLayer */,
			);
			path = Packages;
			sourceTree = "<group>";
		};
		D75E6DD4289FFD1A00F873BD /* Frameworks */ = {
			isa = PBXGroup;
			children = (
			);
			name = Frameworks;
			sourceTree = "<group>";
		};
/* End PBXGroup section */

/* Begin PBXNativeTarget section */
		D75E6D78289FF29700F873BD /* OTUS */ = {
			isa = PBXNativeTarget;
			buildConfigurationList = D75E6D9D289FF29E00F873BD /* Build configuration list for PBXNativeTarget "OTUS" */;
			buildPhases = (
				D75E6D75289FF29700F873BD /* Sources */,
				D75E6D76289FF29700F873BD /* Frameworks */,
				D75E6D77289FF29700F873BD /* Resources */,
			);
			buildRules = (
			);
			dependencies = (
			);
			name = OTUS;
			packageProductDependencies = (
				D75E6DD5289FFD1A00F873BD /* NetworkLayer */,
			);
			productName = OTUS;
			productReference = D75E6D79289FF29700F873BD /* OTUS.app */;
			productType = "com.apple.product-type.application";
		};
		D75E6D88289FF29E00F873BD /* OTUSTests */ = {
			isa = PBXNativeTarget;
			buildConfigurationList = D75E6DA0289FF29E00F873BD /* Build configuration list for PBXNativeTarget "OTUSTests" */;
			buildPhases = (
				D75E6D85289FF29E00F873BD /* Sources */,
				D75E6D86289FF29E00F873BD /* Frameworks */,
				D75E6D87289FF29E00F873BD /* Resources */,
			);
			buildRules = (
			);
			dependencies = (
				D75E6D8B289FF29E00F873BD /* PBXTargetDependency */,
			);
			name = OTUSTests;
			productName = OTUSTests;
			productReference = D75E6D89289FF29E00F873BD /* OTUSTests.xctest */;
			productType = "com.apple.product-type.bundle.unit-test";
		};
		D75E6D92289FF29E00F873BD /* OTUSUITests */ = {
			isa = PBXNativeTarget;
			buildConfigurationList = D75E6DA3289FF29E00F873BD /* Build configuration list for PBXNativeTarget "OTUSUITests" */;
			buildPhases = (
				D75E6D8F289FF29E00F873BD /* Sources */,
				D75E6D90289FF29E00F873BD /* Frameworks */,
				D75E6D91289FF29E00F873BD /* Resources */,
			);
			buildRules = (
			);
			dependencies = (
				D75E6D95289FF29E00F873BD /* PBXTargetDependency */,
			);
			name = OTUSUITests;
			productName = OTUSUITests;
			productReference = D75E6D93289FF29E00F873BD /* OTUSUITests.xctest */;
			productType = "com.apple.product-type.bundle.ui-testing";
		};
/* End PBXNativeTarget section */

/* Begin PBXProject section */
		D75E6D71289FF29700F873BD /* Project object */ = {
			isa = PBXProject;
			attributes = {
				BuildIndependentTargetsInParallel = 1;
				LastSwiftUpdateCheck = 1320;
				LastUpgradeCheck = 1320;
				TargetAttributes = {
					D75E6D78289FF29700F873BD = {
						CreatedOnToolsVersion = 13.2;
					};
					D75E6D88289FF29E00F873BD = {
						CreatedOnToolsVersion = 13.2;
						TestTargetID = D75E6D78289FF29700F873BD;
					};
					D75E6D92289FF29E00F873BD = {
						CreatedOnToolsVersion = 13.2;
						TestTargetID = D75E6D78289FF29700F873BD;
					};
				};
			};
			buildConfigurationList = D75E6D74289FF29700F873BD /* Build configuration list for PBXProject "OTUS" */;
			compatibilityVersion = "Xcode 13.0";
			developmentRegion = en;
			hasScannedForEncodings = 0;
			knownRegions = (
				en,
				Base,
			);
			mainGroup = D75E6D70289FF29700F873BD;
			productRefGroup = D75E6D7A289FF29700F873BD /* Products */;
			projectDirPath = "";
			projectRoot = "";
			targets = (
				D75E6D78289FF29700F873BD /* OTUS */,
				D75E6D88289FF29E00F873BD /* OTUSTests */,
				D75E6D92289FF29E00F873BD /* OTUSUITests */,
			);
		};
/* End PBXProject section */

/* Begin PBXResourcesBuildPhase section */
		D75E6D77289FF29700F873BD /* Resources */ = {
			isa = PBXResourcesBuildPhase;
			buildActionMask = 2147483647;
			files = (
				D75E6D84289FF29E00F873BD /* Preview Assets.xcassets in Resources */,
				D75E6DB9289FF8DC00F873BD /* mediastack.yaml in Resources */,
				D75E6D81289FF29E00F873BD /* Assets.xcassets in Resources */,
				D75E6DBA289FF8DC00F873BD /* generate.sh in Resources */,
			);
			runOnlyForDeploymentPostprocessing = 0;
		};
		D75E6D87289FF29E00F873BD /* Resources */ = {
			isa = PBXResourcesBuildPhase;
			buildActionMask = 2147483647;
			files = (
			);
			runOnlyForDeploymentPostprocessing = 0;
		};
		D75E6D91289FF29E00F873BD /* Resources */ = {
			isa = PBXResourcesBuildPhase;
			buildActionMask = 2147483647;
			files = (
			);
			runOnlyForDeploymentPostprocessing = 0;
		};
/* End PBXResourcesBuildPhase section */

/* Begin PBXSourcesBuildPhase section */
		D75E6D75289FF29700F873BD /* Sources */ = {
			isa = PBXSourcesBuildPhase;
			buildActionMask = 2147483647;
			files = (
				D75E6DC8289FF9C800F873BD /* LoadingProgressView.swift in Sources */,
				D75E6DBF289FF94300F873BD /* NavigationStack.swift in Sources */,
				D75E6DCB289FFA0300F873BD /* Collections+Indexes.swift in Sources */,
				D75E6DA7289FF64300F873BD /* NewsFeedScreenView.swift in Sources */,
				D75E6DAE289FF7CB00F873BD /* DescriptionScreenView.swift in Sources */,
				D75E6DC1289FF96300F873BD /* NavigationViewModel.swift in Sources */,
				D75E6DB0289FF81500F873BD /* NewsListView.swift in Sources */,
				D75E6DB2289FF83E00F873BD /* NewsCellView.swift in Sources */,
				D75E6D7D289FF29700F873BD /* OTUSApp.swift in Sources */,
				D75E6DC5289FF9A200F873BD /* View+AnyView.swift in Sources */,
				D75E6DBD289FF92500F873BD /* NavigationContainer.swift in Sources */,
				D75E6DB4289FF86D00F873BD /* NewsScreenView.swift in Sources */,
				D75E6DB6289FF8B200F873BD /* NewsViewModel.swift in Sources */,
				D75E6DC3289FF98000F873BD /* Screen.swift in Sources */,
				D75E6DCD289FFA2800F873BD /* Model+Identifiable.swift in Sources */,
				D75E6DCF289FFA5200F873BD /* NewsCell+Loading.swift in Sources */,
				D75E6DD2289FFA8200F873BD /* Constants.swift in Sources */,
			);
			runOnlyForDeploymentPostprocessing = 0;
		};
		D75E6D85289FF29E00F873BD /* Sources */ = {
			isa = PBXSourcesBuildPhase;
			buildActionMask = 2147483647;
			files = (
				D75E6D8E289FF29E00F873BD /* OTUSTests.swift in Sources */,
			);
			runOnlyForDeploymentPostprocessing = 0;
		};
		D75E6D8F289FF29E00F873BD /* Sources */ = {
			isa = PBXSourcesBuildPhase;
			buildActionMask = 2147483647;
			files = (
				D75E6D98289FF29E00F873BD /* OTUSUITests.swift in Sources */,
				D75E6D9A289FF29E00F873BD /* OTUSUITestsLaunchTests.swift in Sources */,
			);
			runOnlyForDeploymentPostprocessing = 0;
		};
/* End PBXSourcesBuildPhase section */

/* Begin PBXTargetDependency section */
		D75E6D8B289FF29E00F873BD /* PBXTargetDependency */ = {
			isa = PBXTargetDependency;
			target = D75E6D78289FF29700F873BD /* OTUS */;
			targetProxy = D75E6D8A289FF29E00F873BD /* PBXContainerItemProxy */;
		};
		D75E6D95289FF29E00F873BD /* PBXTargetDependency */ = {
			isa = PBXTargetDependency;
			target = D75E6D78289FF29700F873BD /* OTUS */;
			targetProxy = D75E6D94289FF29E00F873BD /* PBXContainerItemProxy */;
		};
/* End PBXTargetDependency section */

/* Begin XCBuildConfiguration section */
		D75E6D9B289FF29E00F873BD /* Debug */ = {
			isa = XCBuildConfiguration;
			buildSettings = {
				ALWAYS_SEARCH_USER_PATHS = NO;
				CLANG_ANALYZER_NONNULL = YES;
				CLANG_ANALYZER_NUMBER_OBJECT_CONVERSION = YES_AGGRESSIVE;
				CLANG_CXX_LANGUAGE_STANDARD = "gnu++17";
				CLANG_CXX_LIBRARY = "libc++";
				CLANG_ENABLE_MODULES = YES;
				CLANG_ENABLE_OBJC_ARC = YES;
				CLANG_ENABLE_OBJC_WEAK = YES;
				CLANG_WARN_BLOCK_CAPTURE_AUTORELEASING = YES;
				CLANG_WARN_BOOL_CONVERSION = YES;
				CLANG_WARN_COMMA = YES;
				CLANG_WARN_CONSTANT_CONVERSION = YES;
				CLANG_WARN_DEPRECATED_OBJC_IMPLEMENTATIONS = YES;
				CLANG_WARN_DIRECT_OBJC_ISA_USAGE = YES_ERROR;
				CLANG_WARN_DOCUMENTATION_COMMENTS = YES;
				CLANG_WARN_EMPTY_BODY = YES;
				CLANG_WARN_ENUM_CONVERSION = YES;
				CLANG_WARN_INFINITE_RECURSION = YES;
				CLANG_WARN_INT_CONVERSION = YES;
				CLANG_WARN_NON_LITERAL_NULL_CONVERSION = YES;
				CLANG_WARN_OBJC_IMPLICIT_RETAIN_SELF = YES;
				CLANG_WARN_OBJC_LITERAL_CONVERSION = YES;
				CLANG_WARN_OBJC_ROOT_CLASS = YES_ERROR;
				CLANG_WARN_QUOTED_INCLUDE_IN_FRAMEWORK_HEADER = YES;
				CLANG_WARN_RANGE_LOOP_ANALYSIS = YES;
				CLANG_WARN_STRICT_PROTOTYPES = YES;
				CLANG_WARN_SUSPICIOUS_MOVE = YES;
				CLANG_WARN_UNGUARDED_AVAILABILITY = YES_AGGRESSIVE;
				CLANG_WARN_UNREACHABLE_CODE = YES;
				CLANG_WARN__DUPLICATE_METHOD_MATCH = YES;
				COPY_PHASE_STRIP = NO;
				DEBUG_INFORMATION_FORMAT = dwarf;
				ENABLE_STRICT_OBJC_MSGSEND = YES;
				ENABLE_TESTABILITY = YES;
				GCC_C_LANGUAGE_STANDARD = gnu11;
				GCC_DYNAMIC_NO_PIC = NO;
				GCC_NO_COMMON_BLOCKS = YES;
				GCC_OPTIMIZATION_LEVEL = 0;
				GCC_PREPROCESSOR_DEFINITIONS = (
					"DEBUG=1",
					"$(inherited)",
				);
				GCC_WARN_64_TO_32_BIT_CONVERSION = YES;
				GCC_WARN_ABOUT_RETURN_TYPE = YES_ERROR;
				GCC_WARN_UNDECLARED_SELECTOR = YES;
				GCC_WARN_UNINITIALIZED_AUTOS = YES_AGGRESSIVE;
				GCC_WARN_UNUSED_FUNCTION = YES;
				GCC_WARN_UNUSED_VARIABLE = YES;
				IPHONEOS_DEPLOYMENT_TARGET = 15.2;
				MTL_ENABLE_DEBUG_INFO = INCLUDE_SOURCE;
				MTL_FAST_MATH = YES;
				ONLY_ACTIVE_ARCH = YES;
				SDKROOT = iphoneos;
				SWIFT_ACTIVE_COMPILATION_CONDITIONS = DEBUG;
				SWIFT_OPTIMIZATION_LEVEL = "-Onone";
			};
			name = Debug;
		};
		D75E6D9C289FF29E00F873BD /* Release */ = {
			isa = XCBuildConfiguration;
			buildSettings = {
				ALWAYS_SEARCH_USER_PATHS = NO;
				CLANG_ANALYZER_NONNULL = YES;
				CLANG_ANALYZER_NUMBER_OBJECT_CONVERSION = YES_AGGRESSIVE;
				CLANG_CXX_LANGUAGE_STANDARD = "gnu++17";
				CLANG_CXX_LIBRARY = "libc++";
				CLANG_ENABLE_MODULES = YES;
				CLANG_ENABLE_OBJC_ARC = YES;
				CLANG_ENABLE_OBJC_WEAK = YES;
				CLANG_WARN_BLOCK_CAPTURE_AUTORELEASING = YES;
				CLANG_WARN_BOOL_CONVERSION = YES;
				CLANG_WARN_COMMA = YES;
				CLANG_WARN_CONSTANT_CONVERSION = YES;
				CLANG_WARN_DEPRECATED_OBJC_IMPLEMENTATIONS = YES;
				CLANG_WARN_DIRECT_OBJC_ISA_USAGE = YES_ERROR;
				CLANG_WARN_DOCUMENTATION_COMMENTS = YES;
				CLANG_WARN_EMPTY_BODY = YES;
				CLANG_WARN_ENUM_CONVERSION = YES;
				CLANG_WARN_INFINITE_RECURSION = YES;
				CLANG_WARN_INT_CONVERSION = YES;
				CLANG_WARN_NON_LITERAL_NULL_CONVERSION = YES;
				CLANG_WARN_OBJC_IMPLICIT_RETAIN_SELF = YES;
				CLANG_WARN_OBJC_LITERAL_CONVERSION = YES;
				CLANG_WARN_OBJC_ROOT_CLASS = YES_ERROR;
				CLANG_WARN_QUOTED_INCLUDE_IN_FRAMEWORK_HEADER = YES;
				CLANG_WARN_RANGE_LOOP_ANALYSIS = YES;
				CLANG_WARN_STRICT_PROTOTYPES = YES;
				CLANG_WARN_SUSPICIOUS_MOVE = YES;
				CLANG_WARN_UNGUARDED_AVAILABILITY = YES_AGGRESSIVE;
				CLANG_WARN_UNREACHABLE_CODE = YES;
				CLANG_WARN__DUPLICATE_METHOD_MATCH = YES;
				COPY_PHASE_STRIP = NO;
				DEBUG_INFORMATION_FORMAT = "dwarf-with-dsym";
				ENABLE_NS_ASSERTIONS = NO;
				ENABLE_STRICT_OBJC_MSGSEND = YES;
				GCC_C_LANGUAGE_STANDARD = gnu11;
				GCC_NO_COMMON_BLOCKS = YES;
				GCC_WARN_64_TO_32_BIT_CONVERSION = YES;
				GCC_WARN_ABOUT_RETURN_TYPE = YES_ERROR;
				GCC_WARN_UNDECLARED_SELECTOR = YES;
				GCC_WARN_UNINITIALIZED_AUTOS = YES_AGGRESSIVE;
				GCC_WARN_UNUSED_FUNCTION = YES;
				GCC_WARN_UNUSED_VARIABLE = YES;
				IPHONEOS_DEPLOYMENT_TARGET = 15.2;
				MTL_ENABLE_DEBUG_INFO = NO;
				MTL_FAST_MATH = YES;
				SDKROOT = iphoneos;
				SWIFT_COMPILATION_MODE = wholemodule;
				SWIFT_OPTIMIZATION_LEVEL = "-O";
				VALIDATE_PRODUCT = YES;
			};
			name = Release;
		};
		D75E6D9E289FF29E00F873BD /* Debug */ = {
			isa = XCBuildConfiguration;
			buildSettings = {
				ASSETCATALOG_COMPILER_APPICON_NAME = AppIcon;
				ASSETCATALOG_COMPILER_GLOBAL_ACCENT_COLOR_NAME = AccentColor;
				CODE_SIGN_STYLE = Automatic;
				CURRENT_PROJECT_VERSION = 1;
				DEVELOPMENT_ASSET_PATHS = "\"OTUS/Preview Content\"";
				DEVELOPMENT_TEAM = P3JC9RT8Q8;
				ENABLE_PREVIEWS = YES;
				GENERATE_INFOPLIST_FILE = YES;
				INFOPLIST_FILE = OTUS/Info.plist;
				INFOPLIST_KEY_UIApplicationSceneManifest_Generation = YES;
				INFOPLIST_KEY_UIApplicationSupportsIndirectInputEvents = YES;
				INFOPLIST_KEY_UILaunchScreen_Generation = YES;
				INFOPLIST_KEY_UISupportedInterfaceOrientations_iPad = "UIInterfaceOrientationPortrait UIInterfaceOrientationPortraitUpsideDown UIInterfaceOrientationLandscapeLeft UIInterfaceOrientationLandscapeRight";
				INFOPLIST_KEY_UISupportedInterfaceOrientations_iPhone = "UIInterfaceOrientationPortrait UIInterfaceOrientationLandscapeLeft UIInterfaceOrientationLandscapeRight";
				LD_RUNPATH_SEARCH_PATHS = (
					"$(inherited)",
					"@executable_path/Frameworks",
				);
				MARKETING_VERSION = 1.0;
				PRODUCT_BUNDLE_IDENTIFIER = com.bakulin.OTUS;
				PRODUCT_NAME = "$(TARGET_NAME)";
				SWIFT_EMIT_LOC_STRINGS = YES;
				SWIFT_VERSION = 5.0;
				TARGETED_DEVICE_FAMILY = "1,2";
			};
			name = Debug;
		};
		D75E6D9F289FF29E00F873BD /* Release */ = {
			isa = XCBuildConfiguration;
			buildSettings = {
				ASSETCATALOG_COMPILER_APPICON_NAME = AppIcon;
				ASSETCATALOG_COMPILER_GLOBAL_ACCENT_COLOR_NAME = AccentColor;
				CODE_SIGN_STYLE = Automatic;
				CURRENT_PROJECT_VERSION = 1;
				DEVELOPMENT_ASSET_PATHS = "\"OTUS/Preview Content\"";
				DEVELOPMENT_TEAM = P3JC9RT8Q8;
				ENABLE_PREVIEWS = YES;
				GENERATE_INFOPLIST_FILE = YES;
				INFOPLIST_FILE = OTUS/Info.plist;
				INFOPLIST_KEY_UIApplicationSceneManifest_Generation = YES;
				INFOPLIST_KEY_UIApplicationSupportsIndirectInputEvents = YES;
				INFOPLIST_KEY_UILaunchScreen_Generation = YES;
				INFOPLIST_KEY_UISupportedInterfaceOrientations_iPad = "UIInterfaceOrientationPortrait UIInterfaceOrientationPortraitUpsideDown UIInterfaceOrientationLandscapeLeft UIInterfaceOrientationLandscapeRight";
				INFOPLIST_KEY_UISupportedInterfaceOrientations_iPhone = "UIInterfaceOrientationPortrait UIInterfaceOrientationLandscapeLeft UIInterfaceOrientationLandscapeRight";
				LD_RUNPATH_SEARCH_PATHS = (
					"$(inherited)",
					"@executable_path/Frameworks",
				);
				MARKETING_VERSION = 1.0;
				PRODUCT_BUNDLE_IDENTIFIER = com.bakulin.OTUS;
				PRODUCT_NAME = "$(TARGET_NAME)";
				SWIFT_EMIT_LOC_STRINGS = YES;
				SWIFT_VERSION = 5.0;
				TARGETED_DEVICE_FAMILY = "1,2";
			};
			name = Release;
		};
		D75E6DA1289FF29E00F873BD /* Debug */ = {
			isa = XCBuildConfiguration;
			buildSettings = {
				ALWAYS_EMBED_SWIFT_STANDARD_LIBRARIES = YES;
				BUNDLE_LOADER = "$(TEST_HOST)";
				CODE_SIGN_STYLE = Automatic;
				CURRENT_PROJECT_VERSION = 1;
				DEVELOPMENT_TEAM = P3JC9RT8Q8;
				GENERATE_INFOPLIST_FILE = YES;
				IPHONEOS_DEPLOYMENT_TARGET = 15.2;
				MARKETING_VERSION = 1.0;
				PRODUCT_BUNDLE_IDENTIFIER = com.bakulin.OTUSTests;
				PRODUCT_NAME = "$(TARGET_NAME)";
				SWIFT_EMIT_LOC_STRINGS = NO;
				SWIFT_VERSION = 5.0;
				TARGETED_DEVICE_FAMILY = "1,2";
				TEST_HOST = "$(BUILT_PRODUCTS_DIR)/OTUS.app/OTUS";
			};
			name = Debug;
		};
		D75E6DA2289FF29E00F873BD /* Release */ = {
			isa = XCBuildConfiguration;
			buildSettings = {
				ALWAYS_EMBED_SWIFT_STANDARD_LIBRARIES = YES;
				BUNDLE_LOADER = "$(TEST_HOST)";
				CODE_SIGN_STYLE = Automatic;
				CURRENT_PROJECT_VERSION = 1;
				DEVELOPMENT_TEAM = P3JC9RT8Q8;
				GENERATE_INFOPLIST_FILE = YES;
				IPHONEOS_DEPLOYMENT_TARGET = 15.2;
				MARKETING_VERSION = 1.0;
				PRODUCT_BUNDLE_IDENTIFIER = com.bakulin.OTUSTests;
				PRODUCT_NAME = "$(TARGET_NAME)";
				SWIFT_EMIT_LOC_STRINGS = NO;
				SWIFT_VERSION = 5.0;
				TARGETED_DEVICE_FAMILY = "1,2";
				TEST_HOST = "$(BUILT_PRODUCTS_DIR)/OTUS.app/OTUS";
			};
			name = Release;
		};
		D75E6DA4289FF29E00F873BD /* Debug */ = {
			isa = XCBuildConfiguration;
			buildSettings = {
				ALWAYS_EMBED_SWIFT_STANDARD_LIBRARIES = YES;
				CODE_SIGN_STYLE = Automatic;
				CURRENT_PROJECT_VERSION = 1;
				DEVELOPMENT_TEAM = P3JC9RT8Q8;
				GENERATE_INFOPLIST_FILE = YES;
				MARKETING_VERSION = 1.0;
				PRODUCT_BUNDLE_IDENTIFIER = com.bakulin.OTUSUITests;
				PRODUCT_NAME = "$(TARGET_NAME)";
				SWIFT_EMIT_LOC_STRINGS = NO;
				SWIFT_VERSION = 5.0;
				TARGETED_DEVICE_FAMILY = "1,2";
				TEST_TARGET_NAME = OTUS;
			};
			name = Debug;
		};
		D75E6DA5289FF29E00F873BD /* Release */ = {
			isa = XCBuildConfiguration;
			buildSettings = {
				ALWAYS_EMBED_SWIFT_STANDARD_LIBRARIES = YES;
				CODE_SIGN_STYLE = Automatic;
				CURRENT_PROJECT_VERSION = 1;
				DEVELOPMENT_TEAM = P3JC9RT8Q8;
				GENERATE_INFOPLIST_FILE = YES;
				MARKETING_VERSION = 1.0;
				PRODUCT_BUNDLE_IDENTIFIER = com.bakulin.OTUSUITests;
				PRODUCT_NAME = "$(TARGET_NAME)";
				SWIFT_EMIT_LOC_STRINGS = NO;
				SWIFT_VERSION = 5.0;
				TARGETED_DEVICE_FAMILY = "1,2";
				TEST_TARGET_NAME = OTUS;
			};
			name = Release;
		};
/* End XCBuildConfiguration section */

/* Begin XCConfigurationList section */
		D75E6D74289FF29700F873BD /* Build configuration list for PBXProject "OTUS" */ = {
			isa = XCConfigurationList;
			buildConfigurations = (
				D75E6D9B289FF29E00F873BD /* Debug */,
				D75E6D9C289FF29E00F873BD /* Release */,
			);
			defaultConfigurationIsVisible = 0;
			defaultConfigurationName = Release;
		};
		D75E6D9D289FF29E00F873BD /* Build configuration list for PBXNativeTarget "OTUS" */ = {
			isa = XCConfigurationList;
			buildConfigurations = (
				D75E6D9E289FF29E00F873BD /* Debug */,
				D75E6D9F289FF29E00F873BD /* Release */,
			);
			defaultConfigurationIsVisible = 0;
			defaultConfigurationName = Release;
		};
		D75E6DA0289FF29E00F873BD /* Build configuration list for PBXNativeTarget "OTUSTests" */ = {
			isa = XCConfigurationList;
			buildConfigurations = (
				D75E6DA1289FF29E00F873BD /* Debug */,
				D75E6DA2289FF29E00F873BD /* Release */,
			);
			defaultConfigurationIsVisible = 0;
			defaultConfigurationName = Release;
		};
		D75E6DA3289FF29E00F873BD /* Build configuration list for PBXNativeTarget "OTUSUITests" */ = {
			isa = XCConfigurationList;
			buildConfigurations = (
				D75E6DA4289FF29E00F873BD /* Debug */,
				D75E6DA5289FF29E00F873BD /* Release */,
			);
			defaultConfigurationIsVisible = 0;
			defaultConfigurationName = Release;
		};
/* End XCConfigurationList section */

/* Begin XCSwiftPackageProductDependency section */
		D75E6DD5289FFD1A00F873BD /* NetworkLayer */ = {
			isa = XCSwiftPackageProductDependency;
			productName = NetworkLayer;
		};
/* End XCSwiftPackageProductDependency section */
	};
	rootObject = D75E6D71289FF29700F873BD /* Project object */;
}
